
Microsoft Visual Studio Solution File, Format Version 12.00
# Visual Studio 15
VisualStudioVersion = 15.0.28307.1684
MinimumVisualStudioVersion = 10.0.40219.1
Project("{FAE04EC0-301F-11D3-BF4B-00C04F79EFBC}") = "OraConnectionUseOracleWallet", "OraConnectionUseOracleWallet\OraConnectionUseOracleWallet.csproj", "{4346FE34-802D-4F65-8817-E0F7C9F07104}"
EndProject
Global
	GlobalSection(SolutionConfigurationPlatforms) = preSolution
		Debug|Any CPU = Debug|Any CPU
		Release|Any CPU = Release|Any CPU
	EndGlobalSection
	GlobalSection(ProjectConfigurationPlatforms) = postSolution
		{4346FE34-802D-4F65-8817-E0F7C9F07104}.Debug|Any CPU.ActiveCfg = Debug|Any CPU
		{4346FE34-802D-4F65-8817-E0F7C9F07104}.Debug|Any CPU.Build.0 = Debug|Any CPU
		{4346FE34-802D-4F65-8817-E0F7C9F07104}.Release|Any CPU.ActiveCfg = Release|Any CPU
		{4346FE34-802D-4F65-8817-E0F7C9F07104}.Release|Any CPU.Build.0 = Release|Any CPU
	EndGlobalSection
	GlobalSection(SolutionProperties) = preSolution
		HideSolutionNode = FALSE
	EndGlobalSection
	GlobalSection(ExtensibilityGlobals) = postSolution
		SolutionGuid = {C7768B01-2AFD-4D25-BE32-3036425EBDDB}
	EndGlobalSection
EndGlobal
